# THIS IS AN AUTOGENERATED FILE. DO NOT EDIT THIS FILE DIRECTLY.
# yarn lockfile v1


swagger-ui-dist@3.52.0:
  version "3.52.0"
  resolved "https://registry.yarnpkg.com/swagger-ui-dist/-/swagger-ui-dist-3.52.0.tgz#cb16ec6dcdf134ff47cbfe57cba7be7748429142"
  integrity sha512-SGfhW8FCih00QG59PphdeAUtTNw7HS5k3iPqDZowerPw9mcbhKchUb12kbROk99c1X6RTWW1gB1kqgfnYGuCSg==
